// !$*UTF8*$!
{
	archiveVersion = 1;
	classes = {
	};
	objectVersion = 56;
	objects = {

/* Begin PBXBuildFile section */
		DD261C2E2C9FAD2300928E67 /* FollowerListVC.swift in Sources */ = {isa = PBXBuildFile; fileRef = DD261C2D2C9FAD2300928E67 /* FollowerListVC.swift */; };
		DD261C302CA0E47200928E67 /* GFTitleLabel.swift in Sources */ = {isa = PBXBuildFile; fileRef = DD261C2F2CA0E47100928E67 /* GFTitleLabel.swift */; };
		DD261C322CA0E5EB00928E67 /* GFBodyLabel.swift in Sources */ = {isa = PBXBuildFile; fileRef = DD261C312CA0E5EB00928E67 /* GFBodyLabel.swift */; };
		DD261C342CA0E6C600928E67 /* GFAlertVC.swift in Sources */ = {isa = PBXBuildFile; fileRef = DD261C332CA0E6C600928E67 /* GFAlertVC.swift */; };
		DD261C362CA0EE0F00928E67 /* UIViewController+Ext.swift in Sources */ = {isa = PBXBuildFile; fileRef = DD261C352CA0EE0F00928E67 /* UIViewController+Ext.swift */; };
		DD261C3D2CA0F6FC00928E67 /* Follower.swift in Sources */ = {isa = PBXBuildFile; fileRef = DD261C3C2CA0F6FC00928E67 /* Follower.swift */; };
		DD261C3F2CA0F7A800928E67 /* User.swift in Sources */ = {isa = PBXBuildFile; fileRef = DD261C3E2CA0F7A800928E67 /* User.swift */; };
		DD261C422CA0FB7500928E67 /* NetworkManager.swift in Sources */ = {isa = PBXBuildFile; fileRef = DD261C412CA0FB7500928E67 /* NetworkManager.swift */; };
		DD261C452CA1074C00928E67 /* ErrorMessage.swift in Sources */ = {isa = PBXBuildFile; fileRef = DD261C442CA1074C00928E67 /* ErrorMessage.swift */; };
		DD261C482CA110B000928E67 /* FollowerCell.swift in Sources */ = {isa = PBXBuildFile; fileRef = DD261C472CA110B000928E67 /* FollowerCell.swift */; };
		DD261C4A2CA1114300928E67 /* GFAvatarImageView.swift in Sources */ = {isa = PBXBuildFile; fileRef = DD261C492CA1114300928E67 /* GFAvatarImageView.swift */; };
		DD261C4C2CA23AE200928E67 /* UIHelper.swift in Sources */ = {isa = PBXBuildFile; fileRef = DD261C4B2CA23AE200928E67 /* UIHelper.swift */; };
		DD261C542CA24B3500928E67 /* GFEmptyStateView.swift in Sources */ = {isa = PBXBuildFile; fileRef = DD261C532CA24B3500928E67 /* GFEmptyStateView.swift */; };
		DD261C572CA26B8C00928E67 /* FollowerDetailsVC.swift in Sources */ = {isa = PBXBuildFile; fileRef = DD261C562CA26B8C00928E67 /* FollowerDetailsVC.swift */; };
		DDEA55B82C9A6C9000D96B7A /* AppDelegate.swift in Sources */ = {isa = PBXBuildFile; fileRef = DDEA55B72C9A6C9000D96B7A /* AppDelegate.swift */; };
		DDEA55BA2C9A6C9000D96B7A /* SceneDelegate.swift in Sources */ = {isa = PBXBuildFile; fileRef = DDEA55B92C9A6C9000D96B7A /* SceneDelegate.swift */; };
		DDEA55C12C9A6C9200D96B7A /* Assets.xcassets in Resources */ = {isa = PBXBuildFile; fileRef = DDEA55C02C9A6C9200D96B7A /* Assets.xcassets */; };
		DDEA55CC2C9BC1F500D96B7A /* SearchVC.swift in Sources */ = {isa = PBXBuildFile; fileRef = DDEA55CB2C9BC1F500D96B7A /* SearchVC.swift */; };
		DDEA55CE2C9BC22000D96B7A /* FavoritesListVC.swift in Sources */ = {isa = PBXBuildFile; fileRef = DDEA55CD2C9BC22000D96B7A /* FavoritesListVC.swift */; };
		DDEA55D02C9BFD6400D96B7A /* GFButton.swift in Sources */ = {isa = PBXBuildFile; fileRef = DDEA55CF2C9BFD6400D96B7A /* GFButton.swift */; };
		DDEA55D22C9C016900D96B7A /* GFTextField.swift in Sources */ = {isa = PBXBuildFile; fileRef = DDEA55D12C9C016900D96B7A /* GFTextField.swift */; };
/* End PBXBuildFile section */

/* Begin PBXFileReference section */
		DD261C2D2C9FAD2300928E67 /* FollowerListVC.swift */ = {isa = PBXFileReference; lastKnownFileType = sourcecode.swift; path = FollowerListVC.swift; sourceTree = "<group>"; };
		DD261C2F2CA0E47100928E67 /* GFTitleLabel.swift */ = {isa = PBXFileReference; lastKnownFileType = sourcecode.swift; path = GFTitleLabel.swift; sourceTree = "<group>"; };
		DD261C312CA0E5EB00928E67 /* GFBodyLabel.swift */ = {isa = PBXFileReference; lastKnownFileType = sourcecode.swift; path = GFBodyLabel.swift; sourceTree = "<group>"; };
		DD261C332CA0E6C600928E67 /* GFAlertVC.swift */ = {isa = PBXFileReference; lastKnownFileType = sourcecode.swift; path = GFAlertVC.swift; sourceTree = "<group>"; };
		DD261C352CA0EE0F00928E67 /* UIViewController+Ext.swift */ = {isa = PBXFileReference; lastKnownFileType = sourcecode.swift; path = "UIViewController+Ext.swift"; sourceTree = "<group>"; };
		DD261C3C2CA0F6FC00928E67 /* Follower.swift */ = {isa = PBXFileReference; lastKnownFileType = sourcecode.swift; path = Follower.swift; sourceTree = "<group>"; };
		DD261C3E2CA0F7A800928E67 /* User.swift */ = {isa = PBXFileReference; lastKnownFileType = sourcecode.swift; path = User.swift; sourceTree = "<group>"; };
		DD261C412CA0FB7500928E67 /* NetworkManager.swift */ = {isa = PBXFileReference; lastKnownFileType = sourcecode.swift; path = NetworkManager.swift; sourceTree = "<group>"; };
		DD261C442CA1074C00928E67 /* ErrorMessage.swift */ = {isa = PBXFileReference; lastKnownFileType = sourcecode.swift; path = ErrorMessage.swift; sourceTree = "<group>"; };
		DD261C472CA110B000928E67 /* FollowerCell.swift */ = {isa = PBXFileReference; lastKnownFileType = sourcecode.swift; path = FollowerCell.swift; sourceTree = "<group>"; };
		DD261C492CA1114300928E67 /* GFAvatarImageView.swift */ = {isa = PBXFileReference; lastKnownFileType = sourcecode.swift; path = GFAvatarImageView.swift; sourceTree = "<group>"; };
		DD261C4B2CA23AE200928E67 /* UIHelper.swift */ = {isa = PBXFileReference; lastKnownFileType = sourcecode.swift; path = UIHelper.swift; sourceTree = "<group>"; };
		DD261C532CA24B3500928E67 /* GFEmptyStateView.swift */ = {isa = PBXFileReference; lastKnownFileType = sourcecode.swift; path = GFEmptyStateView.swift; sourceTree = "<group>"; };
		DD261C562CA26B8C00928E67 /* FollowerDetailsVC.swift */ = {isa = PBXFileReference; lastKnownFileType = sourcecode.swift; path = FollowerDetailsVC.swift; sourceTree = "<group>"; };
		DDEA55B42C9A6C9000D96B7A /* GHFollowers.app */ = {isa = PBXFileReference; explicitFileType = wrapper.application; includeInIndex = 0; path = GHFollowers.app; sourceTree = BUILT_PRODUCTS_DIR; };
		DDEA55B72C9A6C9000D96B7A /* AppDelegate.swift */ = {isa = PBXFileReference; lastKnownFileType = sourcecode.swift; path = AppDelegate.swift; sourceTree = "<group>"; };
		DDEA55B92C9A6C9000D96B7A /* SceneDelegate.swift */ = {isa = PBXFileReference; lastKnownFileType = sourcecode.swift; path = SceneDelegate.swift; sourceTree = "<group>"; };
		DDEA55C02C9A6C9200D96B7A /* Assets.xcassets */ = {isa = PBXFileReference; lastKnownFileType = folder.assetcatalog; path = Assets.xcassets; sourceTree = "<group>"; };
		DDEA55C52C9A6C9200D96B7A /* Info.plist */ = {isa = PBXFileReference; lastKnownFileType = text.plist.xml; path = Info.plist; sourceTree = "<group>"; };
		DDEA55CB2C9BC1F500D96B7A /* SearchVC.swift */ = {isa = PBXFileReference; lastKnownFileType = sourcecode.swift; path = SearchVC.swift; sourceTree = "<group>"; };
		DDEA55CD2C9BC22000D96B7A /* FavoritesListVC.swift */ = {isa = PBXFileReference; lastKnownFileType = sourcecode.swift; path = FavoritesListVC.swift; sourceTree = "<group>"; };
		DDEA55CF2C9BFD6400D96B7A /* GFButton.swift */ = {isa = PBXFileReference; lastKnownFileType = sourcecode.swift; path = GFButton.swift; sourceTree = "<group>"; };
		DDEA55D12C9C016900D96B7A /* GFTextField.swift */ = {isa = PBXFileReference; lastKnownFileType = sourcecode.swift; path = GFTextField.swift; sourceTree = "<group>"; };
/* End PBXFileReference section */

/* Begin PBXFrameworksBuildPhase section */
		DDEA55B12C9A6C9000D96B7A /* Frameworks */ = {
			isa = PBXFrameworksBuildPhase;
			buildActionMask = 2147483647;
			files = (
			);
			runOnlyForDeploymentPostprocessing = 0;
		};
/* End PBXFrameworksBuildPhase section */

/* Begin PBXGroup section */
		DD261C372CA0F03F00928E67 /* Screens */ = {
			isa = PBXGroup;
			children = (
				DD261C2D2C9FAD2300928E67 /* FollowerListVC.swift */,
				DDEA55CD2C9BC22000D96B7A /* FavoritesListVC.swift */,
				DDEA55CB2C9BC1F500D96B7A /* SearchVC.swift */,
				DD261C562CA26B8C00928E67 /* FollowerDetailsVC.swift */,
			);
			path = Screens;
			sourceTree = "<group>";
		};
		DD261C382CA0F06500928E67 /* Custom Views */ = {
			isa = PBXGroup;
			children = (
				DD261C522CA24B0600928E67 /* Labels */,
				DD261C512CA24AF500928E67 /* ViewControllers */,
				DD261C502CA24AED00928E67 /* ImageViews */,
				DD261C4F2CA24AE500928E67 /* TextFields */,
				DD261C4E2CA24A6A00928E67 /* Views */,
				DD261C4D2CA24A5500928E67 /* Buttons */,
				DD261C462CA1107900928E67 /* Cells */,
			);
			path = "Custom Views";
			sourceTree = "<group>";
		};
		DD261C392CA0F08600928E67 /* Extensions */ = {
			isa = PBXGroup;
			children = (
				DD261C352CA0EE0F00928E67 /* UIViewController+Ext.swift */,
			);
			path = Extensions;
			sourceTree = "<group>";
		};
		DD261C3A2CA0F12900928E67 /* Support */ = {
			isa = PBXGroup;
			children = (
				DDEA55B72C9A6C9000D96B7A /* AppDelegate.swift */,
				DDEA55B92C9A6C9000D96B7A /* SceneDelegate.swift */,
				DDEA55C02C9A6C9200D96B7A /* Assets.xcassets */,
			);
			path = Support;
			sourceTree = "<group>";
		};
		DD261C3B2CA0F6E900928E67 /* Model */ = {
			isa = PBXGroup;
			children = (
				DD261C3C2CA0F6FC00928E67 /* Follower.swift */,
				DD261C3E2CA0F7A800928E67 /* User.swift */,
			);
			path = Model;
			sourceTree = "<group>";
		};
		DD261C402CA0FB5700928E67 /* Managers */ = {
			isa = PBXGroup;
			children = (
				DD261C412CA0FB7500928E67 /* NetworkManager.swift */,
			);
			path = Managers;
			sourceTree = "<group>";
		};
		DD261C432CA1073200928E67 /* Utilities */ = {
			isa = PBXGroup;
			children = (
				DD261C442CA1074C00928E67 /* ErrorMessage.swift */,
				DD261C4B2CA23AE200928E67 /* UIHelper.swift */,
			);
			path = Utilities;
			sourceTree = "<group>";
		};
		DD261C462CA1107900928E67 /* Cells */ = {
			isa = PBXGroup;
			children = (
				DD261C472CA110B000928E67 /* FollowerCell.swift */,
			);
			path = Cells;
			sourceTree = "<group>";
		};
		DD261C4D2CA24A5500928E67 /* Buttons */ = {
			isa = PBXGroup;
			children = (
				DDEA55CF2C9BFD6400D96B7A /* GFButton.swift */,
			);
			path = Buttons;
			sourceTree = "<group>";
		};
		DD261C4E2CA24A6A00928E67 /* Views */ = {
			isa = PBXGroup;
			children = (
				DD261C532CA24B3500928E67 /* GFEmptyStateView.swift */,
			);
			path = Views;
			sourceTree = "<group>";
		};
		DD261C4F2CA24AE500928E67 /* TextFields */ = {
			isa = PBXGroup;
			children = (
				DDEA55D12C9C016900D96B7A /* GFTextField.swift */,
			);
			path = TextFields;
			sourceTree = "<group>";
		};
		DD261C502CA24AED00928E67 /* ImageViews */ = {
			isa = PBXGroup;
			children = (
				DD261C492CA1114300928E67 /* GFAvatarImageView.swift */,
			);
			path = ImageViews;
			sourceTree = "<group>";
		};
		DD261C512CA24AF500928E67 /* ViewControllers */ = {
			isa = PBXGroup;
			children = (
				DD261C332CA0E6C600928E67 /* GFAlertVC.swift */,
			);
			path = ViewControllers;
			sourceTree = "<group>";
		};
		DD261C522CA24B0600928E67 /* Labels */ = {
			isa = PBXGroup;
			children = (
				DD261C2F2CA0E47100928E67 /* GFTitleLabel.swift */,
				DD261C312CA0E5EB00928E67 /* GFBodyLabel.swift */,
			);
			path = Labels;
			sourceTree = "<group>";
		};
		DDEA55AB2C9A6C9000D96B7A = {
			isa = PBXGroup;
			children = (
				DDEA55B62C9A6C9000D96B7A /* GHFollowers */,
				DDEA55B52C9A6C9000D96B7A /* Products */,
			);
			sourceTree = "<group>";
		};
		DDEA55B52C9A6C9000D96B7A /* Products */ = {
			isa = PBXGroup;
			children = (
				DDEA55B42C9A6C9000D96B7A /* GHFollowers.app */,
			);
			name = Products;
			sourceTree = "<group>";
		};
		DDEA55B62C9A6C9000D96B7A /* GHFollowers */ = {
			isa = PBXGroup;
			children = (
				DD261C432CA1073200928E67 /* Utilities */,
				DD261C402CA0FB5700928E67 /* Managers */,
				DDEA55C52C9A6C9200D96B7A /* Info.plist */,
				DD261C3B2CA0F6E900928E67 /* Model */,
				DD261C3A2CA0F12900928E67 /* Support */,
				DD261C392CA0F08600928E67 /* Extensions */,
				DD261C382CA0F06500928E67 /* Custom Views */,
				DD261C372CA0F03F00928E67 /* Screens */,
			);
			path = GHFollowers;
			sourceTree = "<group>";
		};
/* End PBXGroup section */

/* Begin PBXNativeTarget section */
		DDEA55B32C9A6C9000D96B7A /* GHFollowers */ = {
			isa = PBXNativeTarget;
			buildConfigurationList = DDEA55C82C9A6C9200D96B7A /* Build configuration list for PBXNativeTarget "GHFollowers" */;
			buildPhases = (
				DDEA55B02C9A6C9000D96B7A /* Sources */,
				DDEA55B12C9A6C9000D96B7A /* Frameworks */,
				DDEA55B22C9A6C9000D96B7A /* Resources */,
			);
			buildRules = (
			);
			dependencies = (
			);
			name = GHFollowers;
			productName = GHFollowers;
			productReference = DDEA55B42C9A6C9000D96B7A /* GHFollowers.app */;
			productType = "com.apple.product-type.application";
		};
/* End PBXNativeTarget section */

/* Begin PBXProject section */
		DDEA55AC2C9A6C9000D96B7A /* Project object */ = {
			isa = PBXProject;
			attributes = {
				BuildIndependentTargetsInParallel = 1;
				LastSwiftUpdateCheck = 1540;
				LastUpgradeCheck = 1540;
				TargetAttributes = {
					DDEA55B32C9A6C9000D96B7A = {
						CreatedOnToolsVersion = 15.4;
					};
				};
			};
			buildConfigurationList = DDEA55AF2C9A6C9000D96B7A /* Build configuration list for PBXProject "GHFollowers" */;
			compatibilityVersion = "Xcode 14.0";
			developmentRegion = en;
			hasScannedForEncodings = 0;
			knownRegions = (
				en,
				Base,
			);
			mainGroup = DDEA55AB2C9A6C9000D96B7A;
			productRefGroup = DDEA55B52C9A6C9000D96B7A /* Products */;
			projectDirPath = "";
			projectRoot = "";
			targets = (
				DDEA55B32C9A6C9000D96B7A /* GHFollowers */,
			);
		};
/* End PBXProject section */

/* Begin PBXResourcesBuildPhase section */
		DDEA55B22C9A6C9000D96B7A /* Resources */ = {
			isa = PBXResourcesBuildPhase;
			buildActionMask = 2147483647;
			files = (
				DDEA55C12C9A6C9200D96B7A /* Assets.xcassets in Resources */,
			);
			runOnlyForDeploymentPostprocessing = 0;
		};
/* End PBXResourcesBuildPhase section */

/* Begin PBXSourcesBuildPhase section */
		DDEA55B02C9A6C9000D96B7A /* Sources */ = {
			isa = PBXSourcesBuildPhase;
			buildActionMask = 2147483647;
			files = (
				DD261C3F2CA0F7A800928E67 /* User.swift in Sources */,
				DDEA55D22C9C016900D96B7A /* GFTextField.swift in Sources */,
				DDEA55CE2C9BC22000D96B7A /* FavoritesListVC.swift in Sources */,
				DDEA55D02C9BFD6400D96B7A /* GFButton.swift in Sources */,
				DD261C362CA0EE0F00928E67 /* UIViewController+Ext.swift in Sources */,
				DD261C4C2CA23AE200928E67 /* UIHelper.swift in Sources */,
				DD261C4A2CA1114300928E67 /* GFAvatarImageView.swift in Sources */,
				DD261C572CA26B8C00928E67 /* FollowerDetailsVC.swift in Sources */,
				DDEA55CC2C9BC1F500D96B7A /* SearchVC.swift in Sources */,
				DD261C342CA0E6C600928E67 /* GFAlertVC.swift in Sources */,
				DD261C482CA110B000928E67 /* FollowerCell.swift in Sources */,
				DD261C452CA1074C00928E67 /* ErrorMessage.swift in Sources */,
				DD261C322CA0E5EB00928E67 /* GFBodyLabel.swift in Sources */,
				DD261C3D2CA0F6FC00928E67 /* Follower.swift in Sources */,
				DD261C302CA0E47200928E67 /* GFTitleLabel.swift in Sources */,
				DD261C542CA24B3500928E67 /* GFEmptyStateView.swift in Sources */,
				DD261C422CA0FB7500928E67 /* NetworkManager.swift in Sources */,
				DD261C2E2C9FAD2300928E67 /* FollowerListVC.swift in Sources */,
				DDEA55B82C9A6C9000D96B7A /* AppDelegate.swift in Sources */,
				DDEA55BA2C9A6C9000D96B7A /* SceneDelegate.swift in Sources */,
			);
			runOnlyForDeploymentPostprocessing = 0;
		};
/* End PBXSourcesBuildPhase section */

/* Begin XCBuildConfiguration section */
		DDEA55C62C9A6C9200D96B7A /* Debug */ = {
			isa = XCBuildConfiguration;
			buildSettings = {
				ALWAYS_SEARCH_USER_PATHS = NO;
				ASSETCATALOG_COMPILER_GENERATE_SWIFT_ASSET_SYMBOL_EXTENSIONS = YES;
				CLANG_ANALYZER_NONNULL = YES;
				CLANG_ANALYZER_NUMBER_OBJECT_CONVERSION = YES_AGGRESSIVE;
				CLANG_CXX_LANGUAGE_STANDARD = "gnu++20";
				CLANG_ENABLE_MODULES = YES;
				CLANG_ENABLE_OBJC_ARC = YES;
				CLANG_ENABLE_OBJC_WEAK = YES;
				CLANG_WARN_BLOCK_CAPTURE_AUTORELEASING = YES;
				CLANG_WARN_BOOL_CONVERSION = YES;
				CLANG_WARN_COMMA = YES;
				CLANG_WARN_CONSTANT_CONVERSION = YES;
				CLANG_WARN_DEPRECATED_OBJC_IMPLEMENTATIONS = YES;
				CLANG_WARN_DIRECT_OBJC_ISA_USAGE = YES_ERROR;
				CLANG_WARN_DOCUMENTATION_COMMENTS = YES;
				CLANG_WARN_EMPTY_BODY = YES;
				CLANG_WARN_ENUM_CONVERSION = YES;
				CLANG_WARN_INFINITE_RECURSION = YES;
				CLANG_WARN_INT_CONVERSION = YES;
				CLANG_WARN_NON_LITERAL_NULL_CONVERSION = YES;
				CLANG_WARN_OBJC_IMPLICIT_RETAIN_SELF = YES;
				CLANG_WARN_OBJC_LITERAL_CONVERSION = YES;
				CLANG_WARN_OBJC_ROOT_CLASS = YES_ERROR;
				CLANG_WARN_QUOTED_INCLUDE_IN_FRAMEWORK_HEADER = YES;
				CLANG_WARN_RANGE_LOOP_ANALYSIS = YES;
				CLANG_WARN_STRICT_PROTOTYPES = YES;
				CLANG_WARN_SUSPICIOUS_MOVE = YES;
				CLANG_WARN_UNGUARDED_AVAILABILITY = YES_AGGRESSIVE;
				CLANG_WARN_UNREACHABLE_CODE = YES;
				CLANG_WARN__DUPLICATE_METHOD_MATCH = YES;
				COPY_PHASE_STRIP = NO;
				DEBUG_INFORMATION_FORMAT = dwarf;
				ENABLE_STRICT_OBJC_MSGSEND = YES;
				ENABLE_TESTABILITY = YES;
				ENABLE_USER_SCRIPT_SANDBOXING = YES;
				GCC_C_LANGUAGE_STANDARD = gnu17;
				GCC_DYNAMIC_NO_PIC = NO;
				GCC_NO_COMMON_BLOCKS = YES;
				GCC_OPTIMIZATION_LEVEL = 0;
				GCC_PREPROCESSOR_DEFINITIONS = (
					"DEBUG=1",
					"$(inherited)",
				);
				GCC_WARN_64_TO_32_BIT_CONVERSION = YES;
				GCC_WARN_ABOUT_RETURN_TYPE = YES_ERROR;
				GCC_WARN_UNDECLARED_SELECTOR = YES;
				GCC_WARN_UNINITIALIZED_AUTOS = YES_AGGRESSIVE;
				GCC_WARN_UNUSED_FUNCTION = YES;
				GCC_WARN_UNUSED_VARIABLE = YES;
				IPHONEOS_DEPLOYMENT_TARGET = 17.5;
				LOCALIZATION_PREFERS_STRING_CATALOGS = YES;
				MTL_ENABLE_DEBUG_INFO = INCLUDE_SOURCE;
				MTL_FAST_MATH = YES;
				ONLY_ACTIVE_ARCH = YES;
				SDKROOT = iphoneos;
				SWIFT_ACTIVE_COMPILATION_CONDITIONS = "DEBUG $(inherited)";
				SWIFT_OPTIMIZATION_LEVEL = "-Onone";
			};
			name = Debug;
		};
		DDEA55C72C9A6C9200D96B7A /* Release */ = {
			isa = XCBuildConfiguration;
			buildSettings = {
				ALWAYS_SEARCH_USER_PATHS = NO;
				ASSETCATALOG_COMPILER_GENERATE_SWIFT_ASSET_SYMBOL_EXTENSIONS = YES;
				CLANG_ANALYZER_NONNULL = YES;
				CLANG_ANALYZER_NUMBER_OBJECT_CONVERSION = YES_AGGRESSIVE;
				CLANG_CXX_LANGUAGE_STANDARD = "gnu++20";
				CLANG_ENABLE_MODULES = YES;
				CLANG_ENABLE_OBJC_ARC = YES;
				CLANG_ENABLE_OBJC_WEAK = YES;
				CLANG_WARN_BLOCK_CAPTURE_AUTORELEASING = YES;
				CLANG_WARN_BOOL_CONVERSION = YES;
				CLANG_WARN_COMMA = YES;
				CLANG_WARN_CONSTANT_CONVERSION = YES;
				CLANG_WARN_DEPRECATED_OBJC_IMPLEMENTATIONS = YES;
				CLANG_WARN_DIRECT_OBJC_ISA_USAGE = YES_ERROR;
				CLANG_WARN_DOCUMENTATION_COMMENTS = YES;
				CLANG_WARN_EMPTY_BODY = YES;
				CLANG_WARN_ENUM_CONVERSION = YES;
				CLANG_WARN_INFINITE_RECURSION = YES;
				CLANG_WARN_INT_CONVERSION = YES;
				CLANG_WARN_NON_LITERAL_NULL_CONVERSION = YES;
				CLANG_WARN_OBJC_IMPLICIT_RETAIN_SELF = YES;
				CLANG_WARN_OBJC_LITERAL_CONVERSION = YES;
				CLANG_WARN_OBJC_ROOT_CLASS = YES_ERROR;
				CLANG_WARN_QUOTED_INCLUDE_IN_FRAMEWORK_HEADER = YES;
				CLANG_WARN_RANGE_LOOP_ANALYSIS = YES;
				CLANG_WARN_STRICT_PROTOTYPES = YES;
				CLANG_WARN_SUSPICIOUS_MOVE = YES;
				CLANG_WARN_UNGUARDED_AVAILABILITY = YES_AGGRESSIVE;
				CLANG_WARN_UNREACHABLE_CODE = YES;
				CLANG_WARN__DUPLICATE_METHOD_MATCH = YES;
				COPY_PHASE_STRIP = NO;
				DEBUG_INFORMATION_FORMAT = "dwarf-with-dsym";
				ENABLE_NS_ASSERTIONS = NO;
				ENABLE_STRICT_OBJC_MSGSEND = YES;
				ENABLE_USER_SCRIPT_SANDBOXING = YES;
				GCC_C_LANGUAGE_STANDARD = gnu17;
				GCC_NO_COMMON_BLOCKS = YES;
				GCC_WARN_64_TO_32_BIT_CONVERSION = YES;
				GCC_WARN_ABOUT_RETURN_TYPE = YES_ERROR;
				GCC_WARN_UNDECLARED_SELECTOR = YES;
				GCC_WARN_UNINITIALIZED_AUTOS = YES_AGGRESSIVE;
				GCC_WARN_UNUSED_FUNCTION = YES;
				GCC_WARN_UNUSED_VARIABLE = YES;
				IPHONEOS_DEPLOYMENT_TARGET = 17.5;
				LOCALIZATION_PREFERS_STRING_CATALOGS = YES;
				MTL_ENABLE_DEBUG_INFO = NO;
				MTL_FAST_MATH = YES;
				SDKROOT = iphoneos;
				SWIFT_COMPILATION_MODE = wholemodule;
				VALIDATE_PRODUCT = YES;
			};
			name = Release;
		};
		DDEA55C92C9A6C9200D96B7A /* Debug */ = {
			isa = XCBuildConfiguration;
			buildSettings = {
				ASSETCATALOG_COMPILER_APPICON_NAME = AppIcon;
				ASSETCATALOG_COMPILER_GLOBAL_ACCENT_COLOR_NAME = AccentColor;
				CODE_SIGN_STYLE = Automatic;
				CURRENT_PROJECT_VERSION = 1;
				DEVELOPMENT_TEAM = A3FSPGZQK8;
				GENERATE_INFOPLIST_FILE = YES;
				INFOPLIST_FILE = GHFollowers/Info.plist;
				INFOPLIST_KEY_UIApplicationSupportsIndirectInputEvents = YES;
				INFOPLIST_KEY_UILaunchStoryboardName = LaunchScreen;
				INFOPLIST_KEY_UIMainStoryboardFile = "";
				INFOPLIST_KEY_UISupportedInterfaceOrientations = UIInterfaceOrientationPortrait;
				IPHONEOS_DEPLOYMENT_TARGET = 16.5;
				LD_RUNPATH_SEARCH_PATHS = (
					"$(inherited)",
					"@executable_path/Frameworks",
				);
				MARKETING_VERSION = 1.0;
				PRODUCT_BUNDLE_IDENTIFIER = olti.swift.GHFollowers;
				PRODUCT_NAME = "$(TARGET_NAME)";
				SUPPORTED_PLATFORMS = "iphoneos iphonesimulator";
				SUPPORTS_MACCATALYST = NO;
				SWIFT_EMIT_LOC_STRINGS = YES;
				SWIFT_VERSION = 5.0;
				TARGETED_DEVICE_FAMILY = 1;
			};
			name = Debug;
		};
		DDEA55CA2C9A6C9200D96B7A /* Release */ = {
			isa = XCBuildConfiguration;
			buildSettings = {
				ASSETCATALOG_COMPILER_APPICON_NAME = AppIcon;
				ASSETCATALOG_COMPILER_GLOBAL_ACCENT_COLOR_NAME = AccentColor;
				CODE_SIGN_STYLE = Automatic;
				CURRENT_PROJECT_VERSION = 1;
				DEVELOPMENT_TEAM = A3FSPGZQK8;
				GENERATE_INFOPLIST_FILE = YES;
				INFOPLIST_FILE = GHFollowers/Info.plist;
				INFOPLIST_KEY_UIApplicationSupportsIndirectInputEvents = YES;
				INFOPLIST_KEY_UILaunchStoryboardName = LaunchScreen;
				INFOPLIST_KEY_UIMainStoryboardFile = "";
				INFOPLIST_KEY_UISupportedInterfaceOrientations = UIInterfaceOrientationPortrait;
				IPHONEOS_DEPLOYMENT_TARGET = 16.5;
				LD_RUNPATH_SEARCH_PATHS = (
					"$(inherited)",
					"@executable_path/Frameworks",
				);
				MARKETING_VERSION = 1.0;
				PRODUCT_BUNDLE_IDENTIFIER = olti.swift.GHFollowers;
				PRODUCT_NAME = "$(TARGET_NAME)";
				SUPPORTED_PLATFORMS = "iphoneos iphonesimulator";
				SUPPORTS_MACCATALYST = NO;
				SWIFT_EMIT_LOC_STRINGS = YES;
				SWIFT_VERSION = 5.0;
				TARGETED_DEVICE_FAMILY = 1;
			};
			name = Release;
		};
/* End XCBuildConfiguration section */

/* Begin XCConfigurationList section */
		DDEA55AF2C9A6C9000D96B7A /* Build configuration list for PBXProject "GHFollowers" */ = {
			isa = XCConfigurationList;
			buildConfigurations = (
				DDEA55C62C9A6C9200D96B7A /* Debug */,
				DDEA55C72C9A6C9200D96B7A /* Release */,
			);
			defaultConfigurationIsVisible = 0;
			defaultConfigurationName = Release;
		};
		DDEA55C82C9A6C9200D96B7A /* Build configuration list for PBXNativeTarget "GHFollowers" */ = {
			isa = XCConfigurationList;
			buildConfigurations = (
				DDEA55C92C9A6C9200D96B7A /* Debug */,
				DDEA55CA2C9A6C9200D96B7A /* Release */,
			);
			defaultConfigurationIsVisible = 0;
			defaultConfigurationName = Release;
		};
/* End XCConfigurationList section */
	};
	rootObject = DDEA55AC2C9A6C9000D96B7A /* Project object */;
}
